// !$*UTF8*$!
{
	archiveVersion = 1;
	classes = {
	};
	objectVersion = 50;
	objects = {

/* Begin PBXBuildFile section */
		169733B4EA4A44E2CAC1E85E /* Pods_HMFlickrTests.framework in Frameworks */ = {isa = PBXBuildFile; fileRef = 0945D5677A448FF532F6A7B8 /* Pods_HMFlickrTests.framework */; };
		74876A2A138ECD5C4F596233 /* Pods_HMFlickr.framework in Frameworks */ = {isa = PBXBuildFile; fileRef = 548A080CCD753074D874FCB8 /* Pods_HMFlickr.framework */; };
		ACF74ACF5D3A756BEF7A5DA5 /* Pods_HMFlickrUITests.framework in Frameworks */ = {isa = PBXBuildFile; fileRef = E3A672F37A0E8EAAE24F3149 /* Pods_HMFlickrUITests.framework */; };
		B4E3DB7720F8345000983FE4 /* ExampleOutput.json in Resources */ = {isa = PBXBuildFile; fileRef = B4E3DB7620F8345000983FE4 /* ExampleOutput.json */; };
		B4E3DB7920F84BFA00983FE4 /* SearchViewController.swift in Sources */ = {isa = PBXBuildFile; fileRef = B4E3DB7820F84BFA00983FE4 /* SearchViewController.swift */; };
		B4E3DB7D20F84D4F00983FE4 /* SearchBarCell.swift in Sources */ = {isa = PBXBuildFile; fileRef = B4E3DB7C20F84D4F00983FE4 /* SearchBarCell.swift */; };
		B4E3DB7F20F84DAF00983FE4 /* SearchSectionController.swift in Sources */ = {isa = PBXBuildFile; fileRef = B4E3DB7E20F84DAF00983FE4 /* SearchSectionController.swift */; };
		B4E3DB8420F852FC00983FE4 /* FlickrItemSectionController.swift in Sources */ = {isa = PBXBuildFile; fileRef = B4E3DB8320F852FC00983FE4 /* FlickrItemSectionController.swift */; };
		B4E3DB8C20F8639E00983FE4 /* ImageCell.swift in Sources */ = {isa = PBXBuildFile; fileRef = B4E3DB8B20F8639E00983FE4 /* ImageCell.swift */; };
		B4E3DB8F20F8657D00983FE4 /* ImageHeaderCell.swift in Sources */ = {isa = PBXBuildFile; fileRef = B4E3DB8D20F8657D00983FE4 /* ImageHeaderCell.swift */; };
		B4E3DB9020F8657D00983FE4 /* ImageHeaderCell.xib in Resources */ = {isa = PBXBuildFile; fileRef = B4E3DB8E20F8657D00983FE4 /* ImageHeaderCell.xib */; };
		B4E3DB9520F8676700983FE4 /* TagCell.swift in Sources */ = {isa = PBXBuildFile; fileRef = B4E3DB9320F8676700983FE4 /* TagCell.swift */; };
		B4E3DB9620F8676700983FE4 /* TagCell.xib in Resources */ = {isa = PBXBuildFile; fileRef = B4E3DB9420F8676700983FE4 /* TagCell.xib */; };
		B4E3DB9B20F873D200983FE4 /* FoundationExtensions.swift in Sources */ = {isa = PBXBuildFile; fileRef = B4E3DB9A20F873D200983FE4 /* FoundationExtensions.swift */; };
		B4E3DB9E20F8768A00983FE4 /* TagsCollectionViewCell.swift in Sources */ = {isa = PBXBuildFile; fileRef = B4E3DB9C20F8768A00983FE4 /* TagsCollectionViewCell.swift */; };
		B4E3DB9F20F8768A00983FE4 /* TagsCollectionViewCell.xib in Resources */ = {isa = PBXBuildFile; fileRef = B4E3DB9D20F8768A00983FE4 /* TagsCollectionViewCell.xib */; };
		B4E61B8E20F81DFA0093ED3F /* AppDelegate.swift in Sources */ = {isa = PBXBuildFile; fileRef = B4E61B8D20F81DFA0093ED3F /* AppDelegate.swift */; };
		B4E61B9520F81DFC0093ED3F /* Assets.xcassets in Resources */ = {isa = PBXBuildFile; fileRef = B4E61B9420F81DFC0093ED3F /* Assets.xcassets */; };
		B4E61B9820F81DFC0093ED3F /* LaunchScreen.storyboard in Resources */ = {isa = PBXBuildFile; fileRef = B4E61B9620F81DFC0093ED3F /* LaunchScreen.storyboard */; };
		B4E61BA320F81DFC0093ED3F /* HMFlickrTests.swift in Sources */ = {isa = PBXBuildFile; fileRef = B4E61BA220F81DFC0093ED3F /* HMFlickrTests.swift */; };
		B4E61BAE20F81DFC0093ED3F /* HMFlickrUITests.swift in Sources */ = {isa = PBXBuildFile; fileRef = B4E61BAD20F81DFC0093ED3F /* HMFlickrUITests.swift */; };
		B4E61BBD20F81FA20093ED3F /* FlickrDataModel.swift in Sources */ = {isa = PBXBuildFile; fileRef = B4E61BBC20F81FA20093ED3F /* FlickrDataModel.swift */; };
		B4E61BBF20F8205A0093ED3F /* FlickrAPIService.swift in Sources */ = {isa = PBXBuildFile; fileRef = B4E61BBE20F8205A0093ED3F /* FlickrAPIService.swift */; };
/* End PBXBuildFile section */

/* Begin PBXContainerItemProxy section */
		B4E61B9F20F81DFC0093ED3F /* PBXContainerItemProxy */ = {
			isa = PBXContainerItemProxy;
			containerPortal = B4E61B8220F81DFA0093ED3F /* Project object */;
			proxyType = 1;
			remoteGlobalIDString = B4E61B8920F81DFA0093ED3F;
			remoteInfo = HMFlickr;
		};
		B4E61BAA20F81DFC0093ED3F /* PBXContainerItemProxy */ = {
			isa = PBXContainerItemProxy;
			containerPortal = B4E61B8220F81DFA0093ED3F /* Project object */;
			proxyType = 1;
			remoteGlobalIDString = B4E61B8920F81DFA0093ED3F;
			remoteInfo = HMFlickr;
		};
/* End PBXContainerItemProxy section */

/* Begin PBXFileReference section */
		0945D5677A448FF532F6A7B8 /* Pods_HMFlickrTests.framework */ = {isa = PBXFileReference; explicitFileType = wrapper.framework; includeInIndex = 0; path = Pods_HMFlickrTests.framework; sourceTree = BUILT_PRODUCTS_DIR; };
		1CCE9E7AAA62F0F67A14C72C /* Pods-HMFlickrUITests.release.xcconfig */ = {isa = PBXFileReference; includeInIndex = 1; lastKnownFileType = text.xcconfig; name = "Pods-HMFlickrUITests.release.xcconfig"; path = "Pods/Target Support Files/Pods-HMFlickrUITests/Pods-HMFlickrUITests.release.xcconfig"; sourceTree = "<group>"; };
		548A080CCD753074D874FCB8 /* Pods_HMFlickr.framework */ = {isa = PBXFileReference; explicitFileType = wrapper.framework; includeInIndex = 0; path = Pods_HMFlickr.framework; sourceTree = BUILT_PRODUCTS_DIR; };
		7403432F5892B81C8BB399EF /* Pods-HMFlickr.debug.xcconfig */ = {isa = PBXFileReference; includeInIndex = 1; lastKnownFileType = text.xcconfig; name = "Pods-HMFlickr.debug.xcconfig"; path = "Pods/Target Support Files/Pods-HMFlickr/Pods-HMFlickr.debug.xcconfig"; sourceTree = "<group>"; };
		74F75EACD225D0AF6C4B8C90 /* Pods-HMFlickrTests.release.xcconfig */ = {isa = PBXFileReference; includeInIndex = 1; lastKnownFileType = text.xcconfig; name = "Pods-HMFlickrTests.release.xcconfig"; path = "Pods/Target Support Files/Pods-HMFlickrTests/Pods-HMFlickrTests.release.xcconfig"; sourceTree = "<group>"; };
		7AEE04897CAF64B2F6B30656 /* Pods-HMFlickrTests.debug.xcconfig */ = {isa = PBXFileReference; includeInIndex = 1; lastKnownFileType = text.xcconfig; name = "Pods-HMFlickrTests.debug.xcconfig"; path = "Pods/Target Support Files/Pods-HMFlickrTests/Pods-HMFlickrTests.debug.xcconfig"; sourceTree = "<group>"; };
		9B284D2534B3666E731F79CF /* Pods-HMFlickr.release.xcconfig */ = {isa = PBXFileReference; includeInIndex = 1; lastKnownFileType = text.xcconfig; name = "Pods-HMFlickr.release.xcconfig"; path = "Pods/Target Support Files/Pods-HMFlickr/Pods-HMFlickr.release.xcconfig"; sourceTree = "<group>"; };
		B4E3DB7620F8345000983FE4 /* ExampleOutput.json */ = {isa = PBXFileReference; fileEncoding = 4; lastKnownFileType = text.json; path = ExampleOutput.json; sourceTree = "<group>"; };
		B4E3DB7820F84BFA00983FE4 /* SearchViewController.swift */ = {isa = PBXFileReference; fileEncoding = 4; lastKnownFileType = sourcecode.swift; path = SearchViewController.swift; sourceTree = "<group>"; };
		B4E3DB7C20F84D4F00983FE4 /* SearchBarCell.swift */ = {isa = PBXFileReference; fileEncoding = 4; lastKnownFileType = sourcecode.swift; path = SearchBarCell.swift; sourceTree = "<group>"; };
		B4E3DB7E20F84DAF00983FE4 /* SearchSectionController.swift */ = {isa = PBXFileReference; fileEncoding = 4; lastKnownFileType = sourcecode.swift; path = SearchSectionController.swift; sourceTree = "<group>"; };
		B4E3DB8320F852FC00983FE4 /* FlickrItemSectionController.swift */ = {isa = PBXFileReference; lastKnownFileType = sourcecode.swift; path = FlickrItemSectionController.swift; sourceTree = "<group>"; };
		B4E3DB8B20F8639E00983FE4 /* ImageCell.swift */ = {isa = PBXFileReference; fileEncoding = 4; lastKnownFileType = sourcecode.swift; path = ImageCell.swift; sourceTree = "<group>"; };
		B4E3DB8D20F8657D00983FE4 /* ImageHeaderCell.swift */ = {isa = PBXFileReference; lastKnownFileType = sourcecode.swift; path = ImageHeaderCell.swift; sourceTree = "<group>"; };
		B4E3DB8E20F8657D00983FE4 /* ImageHeaderCell.xib */ = {isa = PBXFileReference; lastKnownFileType = file.xib; path = ImageHeaderCell.xib; sourceTree = "<group>"; };
		B4E3DB9320F8676700983FE4 /* TagCell.swift */ = {isa = PBXFileReference; lastKnownFileType = sourcecode.swift; path = TagCell.swift; sourceTree = "<group>"; };
		B4E3DB9420F8676700983FE4 /* TagCell.xib */ = {isa = PBXFileReference; lastKnownFileType = file.xib; path = TagCell.xib; sourceTree = "<group>"; };
		B4E3DB9A20F873D200983FE4 /* FoundationExtensions.swift */ = {isa = PBXFileReference; lastKnownFileType = sourcecode.swift; path = FoundationExtensions.swift; sourceTree = "<group>"; };
		B4E3DB9C20F8768A00983FE4 /* TagsCollectionViewCell.swift */ = {isa = PBXFileReference; lastKnownFileType = sourcecode.swift; path = TagsCollectionViewCell.swift; sourceTree = "<group>"; };
		B4E3DB9D20F8768A00983FE4 /* TagsCollectionViewCell.xib */ = {isa = PBXFileReference; lastKnownFileType = file.xib; path = TagsCollectionViewCell.xib; sourceTree = "<group>"; };
		B4E61B8A20F81DFA0093ED3F /* HMFlickr.app */ = {isa = PBXFileReference; explicitFileType = wrapper.application; includeInIndex = 0; path = HMFlickr.app; sourceTree = BUILT_PRODUCTS_DIR; };
		B4E61B8D20F81DFA0093ED3F /* AppDelegate.swift */ = {isa = PBXFileReference; lastKnownFileType = sourcecode.swift; path = AppDelegate.swift; sourceTree = "<group>"; };
		B4E61B9420F81DFC0093ED3F /* Assets.xcassets */ = {isa = PBXFileReference; lastKnownFileType = folder.assetcatalog; path = Assets.xcassets; sourceTree = "<group>"; };
		B4E61B9720F81DFC0093ED3F /* Base */ = {isa = PBXFileReference; lastKnownFileType = file.storyboard; name = Base; path = Base.lproj/LaunchScreen.storyboard; sourceTree = "<group>"; };
		B4E61B9920F81DFC0093ED3F /* Info.plist */ = {isa = PBXFileReference; lastKnownFileType = text.plist.xml; path = Info.plist; sourceTree = "<group>"; };
		B4E61B9E20F81DFC0093ED3F /* HMFlickrTests.xctest */ = {isa = PBXFileReference; explicitFileType = wrapper.cfbundle; includeInIndex = 0; path = HMFlickrTests.xctest; sourceTree = BUILT_PRODUCTS_DIR; };
		B4E61BA220F81DFC0093ED3F /* HMFlickrTests.swift */ = {isa = PBXFileReference; lastKnownFileType = sourcecode.swift; path = HMFlickrTests.swift; sourceTree = "<group>"; };
		B4E61BA420F81DFC0093ED3F /* Info.plist */ = {isa = PBXFileReference; lastKnownFileType = text.plist.xml; path = Info.plist; sourceTree = "<group>"; };
		B4E61BA920F81DFC0093ED3F /* HMFlickrUITests.xctest */ = {isa = PBXFileReference; explicitFileType = wrapper.cfbundle; includeInIndex = 0; path = HMFlickrUITests.xctest; sourceTree = BUILT_PRODUCTS_DIR; };
		B4E61BAD20F81DFC0093ED3F /* HMFlickrUITests.swift */ = {isa = PBXFileReference; lastKnownFileType = sourcecode.swift; path = HMFlickrUITests.swift; sourceTree = "<group>"; };
		B4E61BAF20F81DFC0093ED3F /* Info.plist */ = {isa = PBXFileReference; lastKnownFileType = text.plist.xml; path = Info.plist; sourceTree = "<group>"; };
		B4E61BBC20F81FA20093ED3F /* FlickrDataModel.swift */ = {isa = PBXFileReference; lastKnownFileType = sourcecode.swift; path = FlickrDataModel.swift; sourceTree = "<group>"; };
		B4E61BBE20F8205A0093ED3F /* FlickrAPIService.swift */ = {isa = PBXFileReference; lastKnownFileType = sourcecode.swift; path = FlickrAPIService.swift; sourceTree = "<group>"; };
		C782C6E66F3805494ED604B7 /* Pods-HMFlickrUITests.debug.xcconfig */ = {isa = PBXFileReference; includeInIndex = 1; lastKnownFileType = text.xcconfig; name = "Pods-HMFlickrUITests.debug.xcconfig"; path = "Pods/Target Support Files/Pods-HMFlickrUITests/Pods-HMFlickrUITests.debug.xcconfig"; sourceTree = "<group>"; };
		E3A672F37A0E8EAAE24F3149 /* Pods_HMFlickrUITests.framework */ = {isa = PBXFileReference; explicitFileType = wrapper.framework; includeInIndex = 0; path = Pods_HMFlickrUITests.framework; sourceTree = BUILT_PRODUCTS_DIR; };
/* End PBXFileReference section */

/* Begin PBXFrameworksBuildPhase section */
		B4E61B8720F81DFA0093ED3F /* Frameworks */ = {
			isa = PBXFrameworksBuildPhase;
			buildActionMask = 2147483647;
			files = (
				74876A2A138ECD5C4F596233 /* Pods_HMFlickr.framework in Frameworks */,
			);
			runOnlyForDeploymentPostprocessing = 0;
		};
		B4E61B9B20F81DFC0093ED3F /* Frameworks */ = {
			isa = PBXFrameworksBuildPhase;
			buildActionMask = 2147483647;
			files = (
				169733B4EA4A44E2CAC1E85E /* Pods_HMFlickrTests.framework in Frameworks */,
			);
			runOnlyForDeploymentPostprocessing = 0;
		};
		B4E61BA620F81DFC0093ED3F /* Frameworks */ = {
			isa = PBXFrameworksBuildPhase;
			buildActionMask = 2147483647;
			files = (
				ACF74ACF5D3A756BEF7A5DA5 /* Pods_HMFlickrUITests.framework in Frameworks */,
			);
			runOnlyForDeploymentPostprocessing = 0;
		};
/* End PBXFrameworksBuildPhase section */

/* Begin PBXGroup section */
		B4E3DB7B20F84D3600983FE4 /* Controllers */ = {
			isa = PBXGroup;
			children = (
				B4E3DB7820F84BFA00983FE4 /* SearchViewController.swift */,
				B4E3DB8220F8529100983FE4 /* SectionControllers */,
			);
			path = Controllers;
			sourceTree = "<group>";
		};
		B4E3DB8220F8529100983FE4 /* SectionControllers */ = {
			isa = PBXGroup;
			children = (
				B4E3DB7E20F84DAF00983FE4 /* SearchSectionController.swift */,
				B4E3DB8320F852FC00983FE4 /* FlickrItemSectionController.swift */,
			);
			path = SectionControllers;
			sourceTree = "<group>";
		};
		B4E3DB8620F8538600983FE4 /* FlickrItemSectionViews */ = {
			isa = PBXGroup;
			children = (
				B4E3DB8B20F8639E00983FE4 /* ImageCell.swift */,
				B4E3DB8D20F8657D00983FE4 /* ImageHeaderCell.swift */,
				B4E3DB8E20F8657D00983FE4 /* ImageHeaderCell.xib */,
				B4E3DB9320F8676700983FE4 /* TagCell.swift */,
				B4E3DB9420F8676700983FE4 /* TagCell.xib */,
				B4E3DB9C20F8768A00983FE4 /* TagsCollectionViewCell.swift */,
				B4E3DB9D20F8768A00983FE4 /* TagsCollectionViewCell.xib */,
			);
			path = FlickrItemSectionViews;
			sourceTree = "<group>";
		};
		B4E3DB9720F868B500983FE4 /* Helper */ = {
			isa = PBXGroup;
			children = (
				B4E3DB9A20F873D200983FE4 /* FoundationExtensions.swift */,
			);
			path = Helper;
			sourceTree = "<group>";
		};
		B4E3DBA220F889BA00983FE4 /* View */ = {
			isa = PBXGroup;
			children = (
				B4E3DB7C20F84D4F00983FE4 /* SearchBarCell.swift */,
				B4E3DB8620F8538600983FE4 /* FlickrItemSectionViews */,
			);
			path = View;
			sourceTree = "<group>";
		};
		B4E61B8120F81DFA0093ED3F = {
			isa = PBXGroup;
			children = (
				B4E61B8C20F81DFA0093ED3F /* HMFlickr */,
				B4E61BA120F81DFC0093ED3F /* HMFlickrTests */,
				B4E61BAC20F81DFC0093ED3F /* HMFlickrUITests */,
				B4E61B8B20F81DFA0093ED3F /* Products */,
				DE62CA5CFADA2D435E9F6EDB /* Pods */,
				C33EAD62B59357D00FC4BDE2 /* Frameworks */,
			);
			sourceTree = "<group>";
		};
		B4E61B8B20F81DFA0093ED3F /* Products */ = {
			isa = PBXGroup;
			children = (
				B4E61B8A20F81DFA0093ED3F /* HMFlickr.app */,
				B4E61B9E20F81DFC0093ED3F /* HMFlickrTests.xctest */,
				B4E61BA920F81DFC0093ED3F /* HMFlickrUITests.xctest */,
			);
			name = Products;
			sourceTree = "<group>";
		};
		B4E61B8C20F81DFA0093ED3F /* HMFlickr */ = {
			isa = PBXGroup;
			children = (
				B4E61B8D20F81DFA0093ED3F /* AppDelegate.swift */,
				B4E61BBB20F81EE20093ED3F /* Model */,
				B4E3DBA220F889BA00983FE4 /* View */,
				B4E3DB7B20F84D3600983FE4 /* Controllers */,
				B4E3DB9720F868B500983FE4 /* Helper */,
				B4E61B9420F81DFC0093ED3F /* Assets.xcassets */,
				B4E61B9620F81DFC0093ED3F /* LaunchScreen.storyboard */,
				B4E61B9920F81DFC0093ED3F /* Info.plist */,
				B4E3DB7620F8345000983FE4 /* ExampleOutput.json */,
			);
			path = HMFlickr;
			sourceTree = "<group>";
		};
		B4E61BA120F81DFC0093ED3F /* HMFlickrTests */ = {
			isa = PBXGroup;
			children = (
				B4E61BA220F81DFC0093ED3F /* HMFlickrTests.swift */,
				B4E61BA420F81DFC0093ED3F /* Info.plist */,
			);
			path = HMFlickrTests;
			sourceTree = "<group>";
		};
		B4E61BAC20F81DFC0093ED3F /* HMFlickrUITests */ = {
			isa = PBXGroup;
			children = (
				B4E61BAD20F81DFC0093ED3F /* HMFlickrUITests.swift */,
				B4E61BAF20F81DFC0093ED3F /* Info.plist */,
			);
			path = HMFlickrUITests;
			sourceTree = "<group>";
		};
		B4E61BBB20F81EE20093ED3F /* Model */ = {
			isa = PBXGroup;
			children = (
				B4E61BBC20F81FA20093ED3F /* FlickrDataModel.swift */,
				B4E61BBE20F8205A0093ED3F /* FlickrAPIService.swift */,
			);
			path = Model;
			sourceTree = "<group>";
		};
		C33EAD62B59357D00FC4BDE2 /* Frameworks */ = {
			isa = PBXGroup;
			children = (
				548A080CCD753074D874FCB8 /* Pods_HMFlickr.framework */,
				0945D5677A448FF532F6A7B8 /* Pods_HMFlickrTests.framework */,
				E3A672F37A0E8EAAE24F3149 /* Pods_HMFlickrUITests.framework */,
			);
			name = Frameworks;
			sourceTree = "<group>";
		};
		DE62CA5CFADA2D435E9F6EDB /* Pods */ = {
			isa = PBXGroup;
			children = (
				7403432F5892B81C8BB399EF /* Pods-HMFlickr.debug.xcconfig */,
				9B284D2534B3666E731F79CF /* Pods-HMFlickr.release.xcconfig */,
				7AEE04897CAF64B2F6B30656 /* Pods-HMFlickrTests.debug.xcconfig */,
				74F75EACD225D0AF6C4B8C90 /* Pods-HMFlickrTests.release.xcconfig */,
				C782C6E66F3805494ED604B7 /* Pods-HMFlickrUITests.debug.xcconfig */,
				1CCE9E7AAA62F0F67A14C72C /* Pods-HMFlickrUITests.release.xcconfig */,
			);
			name = Pods;
			sourceTree = "<group>";
		};
/* End PBXGroup section */

/* Begin PBXNativeTarget section */
		B4E61B8920F81DFA0093ED3F /* HMFlickr */ = {
			isa = PBXNativeTarget;
			buildConfigurationList = B4E61BB220F81DFC0093ED3F /* Build configuration list for PBXNativeTarget "HMFlickr" */;
			buildPhases = (
				C9DD1CA1182419387E86A867 /* [CP] Check Pods Manifest.lock */,
				B4E61B8620F81DFA0093ED3F /* Sources */,
				B4E61B8720F81DFA0093ED3F /* Frameworks */,
				B4E61B8820F81DFA0093ED3F /* Resources */,
				7B95541581BAC62322B882CB /* [CP] Embed Pods Frameworks */,
			);
			buildRules = (
			);
			dependencies = (
			);
			name = HMFlickr;
			productName = HMFlickr;
			productReference = B4E61B8A20F81DFA0093ED3F /* HMFlickr.app */;
			productType = "com.apple.product-type.application";
		};
		B4E61B9D20F81DFC0093ED3F /* HMFlickrTests */ = {
			isa = PBXNativeTarget;
			buildConfigurationList = B4E61BB520F81DFC0093ED3F /* Build configuration list for PBXNativeTarget "HMFlickrTests" */;
			buildPhases = (
				8352A516C8A8F9A92DA9685E /* [CP] Check Pods Manifest.lock */,
				B4E61B9A20F81DFC0093ED3F /* Sources */,
				B4E61B9B20F81DFC0093ED3F /* Frameworks */,
				B4E61B9C20F81DFC0093ED3F /* Resources */,
			);
			buildRules = (
			);
			dependencies = (
				B4E61BA020F81DFC0093ED3F /* PBXTargetDependency */,
			);
			name = HMFlickrTests;
			productName = HMFlickrTests;
			productReference = B4E61B9E20F81DFC0093ED3F /* HMFlickrTests.xctest */;
			productType = "com.apple.product-type.bundle.unit-test";
		};
		B4E61BA820F81DFC0093ED3F /* HMFlickrUITests */ = {
			isa = PBXNativeTarget;
			buildConfigurationList = B4E61BB820F81DFC0093ED3F /* Build configuration list for PBXNativeTarget "HMFlickrUITests" */;
			buildPhases = (
				374DFAC4190359B35499D914 /* [CP] Check Pods Manifest.lock */,
				B4E61BA520F81DFC0093ED3F /* Sources */,
				B4E61BA620F81DFC0093ED3F /* Frameworks */,
				B4E61BA720F81DFC0093ED3F /* Resources */,
			);
			buildRules = (
			);
			dependencies = (
				B4E61BAB20F81DFC0093ED3F /* PBXTargetDependency */,
			);
			name = HMFlickrUITests;
			productName = HMFlickrUITests;
			productReference = B4E61BA920F81DFC0093ED3F /* HMFlickrUITests.xctest */;
			productType = "com.apple.product-type.bundle.ui-testing";
		};
/* End PBXNativeTarget section */

/* Begin PBXProject section */
		B4E61B8220F81DFA0093ED3F /* Project object */ = {
			isa = PBXProject;
			attributes = {
				LastSwiftUpdateCheck = 0940;
				LastUpgradeCheck = 0940;
				ORGANIZATIONNAME = "Hayden Malcomson";
				TargetAttributes = {
					B4E61B8920F81DFA0093ED3F = {
						CreatedOnToolsVersion = 9.4.1;
					};
					B4E61B9D20F81DFC0093ED3F = {
						CreatedOnToolsVersion = 9.4.1;
						TestTargetID = B4E61B8920F81DFA0093ED3F;
					};
					B4E61BA820F81DFC0093ED3F = {
						CreatedOnToolsVersion = 9.4.1;
						TestTargetID = B4E61B8920F81DFA0093ED3F;
					};
				};
			};
			buildConfigurationList = B4E61B8520F81DFA0093ED3F /* Build configuration list for PBXProject "HMFlickr" */;
			compatibilityVersion = "Xcode 9.3";
			developmentRegion = en;
			hasScannedForEncodings = 0;
			knownRegions = (
				en,
				Base,
			);
			mainGroup = B4E61B8120F81DFA0093ED3F;
			productRefGroup = B4E61B8B20F81DFA0093ED3F /* Products */;
			projectDirPath = "";
			projectRoot = "";
			targets = (
				B4E61B8920F81DFA0093ED3F /* HMFlickr */,
				B4E61B9D20F81DFC0093ED3F /* HMFlickrTests */,
				B4E61BA820F81DFC0093ED3F /* HMFlickrUITests */,
			);
		};
/* End PBXProject section */

/* Begin PBXResourcesBuildPhase section */
		B4E61B8820F81DFA0093ED3F /* Resources */ = {
			isa = PBXResourcesBuildPhase;
			buildActionMask = 2147483647;
			files = (
				B4E3DB9620F8676700983FE4 /* TagCell.xib in Resources */,
				B4E3DB9F20F8768A00983FE4 /* TagsCollectionViewCell.xib in Resources */,
				B4E3DB9020F8657D00983FE4 /* ImageHeaderCell.xib in Resources */,
				B4E61B9820F81DFC0093ED3F /* LaunchScreen.storyboard in Resources */,
				B4E61B9520F81DFC0093ED3F /* Assets.xcassets in Resources */,
				B4E3DB7720F8345000983FE4 /* ExampleOutput.json in Resources */,
			);
			runOnlyForDeploymentPostprocessing = 0;
		};
		B4E61B9C20F81DFC0093ED3F /* Resources */ = {
			isa = PBXResourcesBuildPhase;
			buildActionMask = 2147483647;
			files = (
			);
			runOnlyForDeploymentPostprocessing = 0;
		};
		B4E61BA720F81DFC0093ED3F /* Resources */ = {
			isa = PBXResourcesBuildPhase;
			buildActionMask = 2147483647;
			files = (
			);
			runOnlyForDeploymentPostprocessing = 0;
		};
/* End PBXResourcesBuildPhase section */

/* Begin PBXShellScriptBuildPhase section */
		374DFAC4190359B35499D914 /* [CP] Check Pods Manifest.lock */ = {
			isa = PBXShellScriptBuildPhase;
			buildActionMask = 2147483647;
			files = (
			);
			inputPaths = (
				"${PODS_PODFILE_DIR_PATH}/Podfile.lock",
				"${PODS_ROOT}/Manifest.lock",
			);
			name = "[CP] Check Pods Manifest.lock";
			outputPaths = (
				"$(DERIVED_FILE_DIR)/Pods-HMFlickrUITests-checkManifestLockResult.txt",
			);
			runOnlyForDeploymentPostprocessing = 0;
			shellPath = /bin/sh;
			shellScript = "diff \"${PODS_PODFILE_DIR_PATH}/Podfile.lock\" \"${PODS_ROOT}/Manifest.lock\" > /dev/null\nif [ $? != 0 ] ; then\n    # print error to STDERR\n    echo \"error: The sandbox is not in sync with the Podfile.lock. Run 'pod install' or update your CocoaPods installation.\" >&2\n    exit 1\nfi\n# This output is used by Xcode 'outputs' to avoid re-running this script phase.\necho \"SUCCESS\" > \"${SCRIPT_OUTPUT_FILE_0}\"\n";
			showEnvVarsInLog = 0;
		};
		7B95541581BAC62322B882CB /* [CP] Embed Pods Frameworks */ = {
			isa = PBXShellScriptBuildPhase;
			buildActionMask = 2147483647;
			files = (
			);
			inputPaths = (
				"${SRCROOT}/Pods/Target Support Files/Pods-HMFlickr/Pods-HMFlickr-frameworks.sh",
				"${BUILT_PRODUCTS_DIR}/IGListKit/IGListKit.framework",
				"${BUILT_PRODUCTS_DIR}/Kingfisher/Kingfisher.framework",
			);
			name = "[CP] Embed Pods Frameworks";
			outputPaths = (
				"${TARGET_BUILD_DIR}/${FRAMEWORKS_FOLDER_PATH}/IGListKit.framework",
				"${TARGET_BUILD_DIR}/${FRAMEWORKS_FOLDER_PATH}/Kingfisher.framework",
			);
			runOnlyForDeploymentPostprocessing = 0;
			shellPath = /bin/sh;
			shellScript = "\"${SRCROOT}/Pods/Target Support Files/Pods-HMFlickr/Pods-HMFlickr-frameworks.sh\"\n";
			showEnvVarsInLog = 0;
		};
		8352A516C8A8F9A92DA9685E /* [CP] Check Pods Manifest.lock */ = {
			isa = PBXShellScriptBuildPhase;
			buildActionMask = 2147483647;
			files = (
			);
			inputPaths = (
				"${PODS_PODFILE_DIR_PATH}/Podfile.lock",
				"${PODS_ROOT}/Manifest.lock",
			);
			name = "[CP] Check Pods Manifest.lock";
			outputPaths = (
				"$(DERIVED_FILE_DIR)/Pods-HMFlickrTests-checkManifestLockResult.txt",
			);
			runOnlyForDeploymentPostprocessing = 0;
			shellPath = /bin/sh;
			shellScript = "diff \"${PODS_PODFILE_DIR_PATH}/Podfile.lock\" \"${PODS_ROOT}/Manifest.lock\" > /dev/null\nif [ $? != 0 ] ; then\n    # print error to STDERR\n    echo \"error: The sandbox is not in sync with the Podfile.lock. Run 'pod install' or update your CocoaPods installation.\" >&2\n    exit 1\nfi\n# This output is used by Xcode 'outputs' to avoid re-running this script phase.\necho \"SUCCESS\" > \"${SCRIPT_OUTPUT_FILE_0}\"\n";
			showEnvVarsInLog = 0;
		};
		C9DD1CA1182419387E86A867 /* [CP] Check Pods Manifest.lock */ = {
			isa = PBXShellScriptBuildPhase;
			buildActionMask = 2147483647;
			files = (
			);
			inputPaths = (
				"${PODS_PODFILE_DIR_PATH}/Podfile.lock",
				"${PODS_ROOT}/Manifest.lock",
			);
			name = "[CP] Check Pods Manifest.lock";
			outputPaths = (
				"$(DERIVED_FILE_DIR)/Pods-HMFlickr-checkManifestLockResult.txt",
			);
			runOnlyForDeploymentPostprocessing = 0;
			shellPath = /bin/sh;
			shellScript = "diff \"${PODS_PODFILE_DIR_PATH}/Podfile.lock\" \"${PODS_ROOT}/Manifest.lock\" > /dev/null\nif [ $? != 0 ] ; then\n    # print error to STDERR\n    echo \"error: The sandbox is not in sync with the Podfile.lock. Run 'pod install' or update your CocoaPods installation.\" >&2\n    exit 1\nfi\n# This output is used by Xcode 'outputs' to avoid re-running this script phase.\necho \"SUCCESS\" > \"${SCRIPT_OUTPUT_FILE_0}\"\n";
			showEnvVarsInLog = 0;
		};
/* End PBXShellScriptBuildPhase section */

/* Begin PBXSourcesBuildPhase section */
		B4E61B8620F81DFA0093ED3F /* Sources */ = {
			isa = PBXSourcesBuildPhase;
			buildActionMask = 2147483647;
			files = (
				B4E3DB7F20F84DAF00983FE4 /* SearchSectionController.swift in Sources */,
				B4E3DB9B20F873D200983FE4 /* FoundationExtensions.swift in Sources */,
				B4E3DB7920F84BFA00983FE4 /* SearchViewController.swift in Sources */,
				B4E3DB8C20F8639E00983FE4 /* ImageCell.swift in Sources */,
				B4E3DB7D20F84D4F00983FE4 /* SearchBarCell.swift in Sources */,
				B4E3DB8F20F8657D00983FE4 /* ImageHeaderCell.swift in Sources */,
				B4E61BBD20F81FA20093ED3F /* FlickrDataModel.swift in Sources */,
				B4E3DB9520F8676700983FE4 /* TagCell.swift in Sources */,
				B4E3DB8420F852FC00983FE4 /* FlickrItemSectionController.swift in Sources */,
				B4E3DB9E20F8768A00983FE4 /* TagsCollectionViewCell.swift in Sources */,
				B4E61B8E20F81DFA0093ED3F /* AppDelegate.swift in Sources */,
				B4E61BBF20F8205A0093ED3F /* FlickrAPIService.swift in Sources */,
			);
			runOnlyForDeploymentPostprocessing = 0;
		};
		B4E61B9A20F81DFC0093ED3F /* Sources */ = {
			isa = PBXSourcesBuildPhase;
			buildActionMask = 2147483647;
			files = (
				B4E61BA320F81DFC0093ED3F /* HMFlickrTests.swift in Sources */,
			);
			runOnlyForDeploymentPostprocessing = 0;
		};
		B4E61BA520F81DFC0093ED3F /* Sources */ = {
			isa = PBXSourcesBuildPhase;
			buildActionMask = 2147483647;
			files = (
				B4E61BAE20F81DFC0093ED3F /* HMFlickrUITests.swift in Sources */,
			);
			runOnlyForDeploymentPostprocessing = 0;
		};
/* End PBXSourcesBuildPhase section */

/* Begin PBXTargetDependency section */
		B4E61BA020F81DFC0093ED3F /* PBXTargetDependency */ = {
			isa = PBXTargetDependency;
			target = B4E61B8920F81DFA0093ED3F /* HMFlickr */;
			targetProxy = B4E61B9F20F81DFC0093ED3F /* PBXContainerItemProxy */;
		};
		B4E61BAB20F81DFC0093ED3F /* PBXTargetDependency */ = {
			isa = PBXTargetDependency;
			target = B4E61B8920F81DFA0093ED3F /* HMFlickr */;
			targetProxy = B4E61BAA20F81DFC0093ED3F /* PBXContainerItemProxy */;
		};
/* End PBXTargetDependency section */

/* Begin PBXVariantGroup section */
		B4E61B9620F81DFC0093ED3F /* LaunchScreen.storyboard */ = {
			isa = PBXVariantGroup;
			children = (
				B4E61B9720F81DFC0093ED3F /* Base */,
			);
			name = LaunchScreen.storyboard;
			sourceTree = "<group>";
		};
/* End PBXVariantGroup section */

/* Begin XCBuildConfiguration section */
		B4E61BB020F81DFC0093ED3F /* Debug */ = {
			isa = XCBuildConfiguration;
			buildSettings = {
				ALWAYS_SEARCH_USER_PATHS = NO;
				CLANG_ANALYZER_NONNULL = YES;
				CLANG_ANALYZER_NUMBER_OBJECT_CONVERSION = YES_AGGRESSIVE;
				CLANG_CXX_LANGUAGE_STANDARD = "gnu++14";
				CLANG_CXX_LIBRARY = "libc++";
				CLANG_ENABLE_MODULES = YES;
				CLANG_ENABLE_OBJC_ARC = YES;
				CLANG_ENABLE_OBJC_WEAK = YES;
				CLANG_WARN_BLOCK_CAPTURE_AUTORELEASING = YES;
				CLANG_WARN_BOOL_CONVERSION = YES;
				CLANG_WARN_COMMA = YES;
				CLANG_WARN_CONSTANT_CONVERSION = YES;
				CLANG_WARN_DEPRECATED_OBJC_IMPLEMENTATIONS = YES;
				CLANG_WARN_DIRECT_OBJC_ISA_USAGE = YES_ERROR;
				CLANG_WARN_DOCUMENTATION_COMMENTS = YES;
				CLANG_WARN_EMPTY_BODY = YES;
				CLANG_WARN_ENUM_CONVERSION = YES;
				CLANG_WARN_INFINITE_RECURSION = YES;
				CLANG_WARN_INT_CONVERSION = YES;
				CLANG_WARN_NON_LITERAL_NULL_CONVERSION = YES;
				CLANG_WARN_OBJC_IMPLICIT_RETAIN_SELF = YES;
				CLANG_WARN_OBJC_LITERAL_CONVERSION = YES;
				CLANG_WARN_OBJC_ROOT_CLASS = YES_ERROR;
				CLANG_WARN_RANGE_LOOP_ANALYSIS = YES;
				CLANG_WARN_STRICT_PROTOTYPES = YES;
				CLANG_WARN_SUSPICIOUS_MOVE = YES;
				CLANG_WARN_UNGUARDED_AVAILABILITY = YES_AGGRESSIVE;
				CLANG_WARN_UNREACHABLE_CODE = YES;
				CLANG_WARN__DUPLICATE_METHOD_MATCH = YES;
				CODE_SIGN_IDENTITY = "iPhone Developer";
				COPY_PHASE_STRIP = NO;
				DEBUG_INFORMATION_FORMAT = dwarf;
				ENABLE_STRICT_OBJC_MSGSEND = YES;
				ENABLE_TESTABILITY = YES;
				GCC_C_LANGUAGE_STANDARD = gnu11;
				GCC_DYNAMIC_NO_PIC = NO;
				GCC_NO_COMMON_BLOCKS = YES;
				GCC_OPTIMIZATION_LEVEL = 0;
				GCC_PREPROCESSOR_DEFINITIONS = (
					"DEBUG=1",
					"$(inherited)",
				);
				GCC_WARN_64_TO_32_BIT_CONVERSION = YES;
				GCC_WARN_ABOUT_RETURN_TYPE = YES_ERROR;
				GCC_WARN_UNDECLARED_SELECTOR = YES;
				GCC_WARN_UNINITIALIZED_AUTOS = YES_AGGRESSIVE;
				GCC_WARN_UNUSED_FUNCTION = YES;
				GCC_WARN_UNUSED_VARIABLE = YES;
				IPHONEOS_DEPLOYMENT_TARGET = 11.4;
				MTL_ENABLE_DEBUG_INFO = YES;
				ONLY_ACTIVE_ARCH = YES;
				SDKROOT = iphoneos;
				SWIFT_ACTIVE_COMPILATION_CONDITIONS = DEBUG;
				SWIFT_OPTIMIZATION_LEVEL = "-Onone";
			};
			name = Debug;
		};
		B4E61BB120F81DFC0093ED3F /* Release */ = {
			isa = XCBuildConfiguration;
			buildSettings = {
				ALWAYS_SEARCH_USER_PATHS = NO;
				CLANG_ANALYZER_NONNULL = YES;
				CLANG_ANALYZER_NUMBER_OBJECT_CONVERSION = YES_AGGRESSIVE;
				CLANG_CXX_LANGUAGE_STANDARD = "gnu++14";
				CLANG_CXX_LIBRARY = "libc++";
				CLANG_ENABLE_MODULES = YES;
				CLANG_ENABLE_OBJC_ARC = YES;
				CLANG_ENABLE_OBJC_WEAK = YES;
				CLANG_WARN_BLOCK_CAPTURE_AUTORELEASING = YES;
				CLANG_WARN_BOOL_CONVERSION = YES;
				CLANG_WARN_COMMA = YES;
				CLANG_WARN_CONSTANT_CONVERSION = YES;
				CLANG_WARN_DEPRECATED_OBJC_IMPLEMENTATIONS = YES;
				CLANG_WARN_DIRECT_OBJC_ISA_USAGE = YES_ERROR;
				CLANG_WARN_DOCUMENTATION_COMMENTS = YES;
				CLANG_WARN_EMPTY_BODY = YES;
				CLANG_WARN_ENUM_CONVERSION = YES;
				CLANG_WARN_INFINITE_RECURSION = YES;
				CLANG_WARN_INT_CONVERSION = YES;
				CLANG_WARN_NON_LITERAL_NULL_CONVERSION = YES;
				CLANG_WARN_OBJC_IMPLICIT_RETAIN_SELF = YES;
				CLANG_WARN_OBJC_LITERAL_CONVERSION = YES;
				CLANG_WARN_OBJC_ROOT_CLASS = YES_ERROR;
				CLANG_WARN_RANGE_LOOP_ANALYSIS = YES;
				CLANG_WARN_STRICT_PROTOTYPES = YES;
				CLANG_WARN_SUSPICIOUS_MOVE = YES;
				CLANG_WARN_UNGUARDED_AVAILABILITY = YES_AGGRESSIVE;
				CLANG_WARN_UNREACHABLE_CODE = YES;
				CLANG_WARN__DUPLICATE_METHOD_MATCH = YES;
				CODE_SIGN_IDENTITY = "iPhone Developer";
				COPY_PHASE_STRIP = NO;
				DEBUG_INFORMATION_FORMAT = "dwarf-with-dsym";
				ENABLE_NS_ASSERTIONS = NO;
				ENABLE_STRICT_OBJC_MSGSEND = YES;
				GCC_C_LANGUAGE_STANDARD = gnu11;
				GCC_NO_COMMON_BLOCKS = YES;
				GCC_WARN_64_TO_32_BIT_CONVERSION = YES;
				GCC_WARN_ABOUT_RETURN_TYPE = YES_ERROR;
				GCC_WARN_UNDECLARED_SELECTOR = YES;
				GCC_WARN_UNINITIALIZED_AUTOS = YES_AGGRESSIVE;
				GCC_WARN_UNUSED_FUNCTION = YES;
				GCC_WARN_UNUSED_VARIABLE = YES;
				IPHONEOS_DEPLOYMENT_TARGET = 11.4;
				MTL_ENABLE_DEBUG_INFO = NO;
				SDKROOT = iphoneos;
				SWIFT_COMPILATION_MODE = wholemodule;
				SWIFT_OPTIMIZATION_LEVEL = "-O";
				VALIDATE_PRODUCT = YES;
			};
			name = Release;
		};
		B4E61BB320F81DFC0093ED3F /* Debug */ = {
			isa = XCBuildConfiguration;
			baseConfigurationReference = 7403432F5892B81C8BB399EF /* Pods-HMFlickr.debug.xcconfig */;
			buildSettings = {
				ASSETCATALOG_COMPILER_APPICON_NAME = AppIcon;
				CODE_SIGN_STYLE = Automatic;
				DEVELOPMENT_TEAM = 95445YS9Q7;
				INFOPLIST_FILE = HMFlickr/Info.plist;
				LD_RUNPATH_SEARCH_PATHS = (
					"$(inherited)",
					"@executable_path/Frameworks",
				);
				PRODUCT_BUNDLE_IDENTIFIER = com.hmalc.HMFlickr;
				PRODUCT_NAME = "$(TARGET_NAME)";
				SWIFT_VERSION = 4.0;
				TARGETED_DEVICE_FAMILY = "1,2";
			};
			name = Debug;
		};
		B4E61BB420F81DFC0093ED3F /* Release */ = {
			isa = XCBuildConfiguration;
			baseConfigurationReference = 9B284D2534B3666E731F79CF /* Pods-HMFlickr.release.xcconfig */;
			buildSettings = {
				ASSETCATALOG_COMPILER_APPICON_NAME = AppIcon;
				CODE_SIGN_STYLE = Automatic;
				DEVELOPMENT_TEAM = 95445YS9Q7;
				INFOPLIST_FILE = HMFlickr/Info.plist;
				LD_RUNPATH_SEARCH_PATHS = (
					"$(inherited)",
					"@executable_path/Frameworks",
				);
				PRODUCT_BUNDLE_IDENTIFIER = com.hmalc.HMFlickr;
				PRODUCT_NAME = "$(TARGET_NAME)";
				SWIFT_VERSION = 4.0;
				TARGETED_DEVICE_FAMILY = "1,2";
			};
			name = Release;
		};
		B4E61BB620F81DFC0093ED3F /* Debug */ = {
			isa = XCBuildConfiguration;
			baseConfigurationReference = 7AEE04897CAF64B2F6B30656 /* Pods-HMFlickrTests.debug.xcconfig */;
			buildSettings = {
				ALWAYS_EMBED_SWIFT_STANDARD_LIBRARIES = YES;
				BUNDLE_LOADER = "$(TEST_HOST)";
				CODE_SIGN_STYLE = Automatic;
				DEVELOPMENT_TEAM = 95445YS9Q7;
				INFOPLIST_FILE = HMFlickrTests/Info.plist;
				LD_RUNPATH_SEARCH_PATHS = (
					"$(inherited)",
					"@executable_path/Frameworks",
					"@loader_path/Frameworks",
				);
				PRODUCT_BUNDLE_IDENTIFIER = com.hmalc.HMFlickrTests;
				PRODUCT_NAME = "$(TARGET_NAME)";
				SWIFT_VERSION = 4.0;
				TARGETED_DEVICE_FAMILY = "1,2";
				TEST_HOST = "$(BUILT_PRODUCTS_DIR)/HMFlickr.app/HMFlickr";
			};
			name = Debug;
		};
		B4E61BB720F81DFC0093ED3F /* Release */ = {
			isa = XCBuildConfiguration;
			baseConfigurationReference = 74F75EACD225D0AF6C4B8C90 /* Pods-HMFlickrTests.release.xcconfig */;
			buildSettings = {
				ALWAYS_EMBED_SWIFT_STANDARD_LIBRARIES = YES;
				BUNDLE_LOADER = "$(TEST_HOST)";
				CODE_SIGN_STYLE = Automatic;
				DEVELOPMENT_TEAM = 95445YS9Q7;
				INFOPLIST_FILE = HMFlickrTests/Info.plist;
				LD_RUNPATH_SEARCH_PATHS = (
					"$(inherited)",
					"@executable_path/Frameworks",
					"@loader_path/Frameworks",
				);
				PRODUCT_BUNDLE_IDENTIFIER = com.hmalc.HMFlickrTests;
				PRODUCT_NAME = "$(TARGET_NAME)";
				SWIFT_VERSION = 4.0;
				TARGETED_DEVICE_FAMILY = "1,2";
				TEST_HOST = "$(BUILT_PRODUCTS_DIR)/HMFlickr.app/HMFlickr";
			};
			name = Release;
		};
		B4E61BB920F81DFC0093ED3F /* Debug */ = {
			isa = XCBuildConfiguration;
			baseConfigurationReference = C782C6E66F3805494ED604B7 /* Pods-HMFlickrUITests.debug.xcconfig */;
			buildSettings = {
				ALWAYS_EMBED_SWIFT_STANDARD_LIBRARIES = YES;
				CODE_SIGN_STYLE = Automatic;
				DEVELOPMENT_TEAM = 95445YS9Q7;
				INFOPLIST_FILE = HMFlickrUITests/Info.plist;
				LD_RUNPATH_SEARCH_PATHS = (
					"$(inherited)",
					"@executable_path/Frameworks",
					"@loader_path/Frameworks",
				);
				PRODUCT_BUNDLE_IDENTIFIER = com.hmalc.HMFlickrUITests;
				PRODUCT_NAME = "$(TARGET_NAME)";
				SWIFT_VERSION = 4.0;
				TARGETED_DEVICE_FAMILY = "1,2";
				TEST_TARGET_NAME = HMFlickr;
			};
			name = Debug;
		};
		B4E61BBA20F81DFC0093ED3F /* Release */ = {
			isa = XCBuildConfiguration;
			baseConfigurationReference = 1CCE9E7AAA62F0F67A14C72C /* Pods-HMFlickrUITests.release.xcconfig */;
			buildSettings = {
				ALWAYS_EMBED_SWIFT_STANDARD_LIBRARIES = YES;
				CODE_SIGN_STYLE = Automatic;
				DEVELOPMENT_TEAM = 95445YS9Q7;
				INFOPLIST_FILE = HMFlickrUITests/Info.plist;
				LD_RUNPATH_SEARCH_PATHS = (
					"$(inherited)",
					"@executable_path/Frameworks",
					"@loader_path/Frameworks",
				);
				PRODUCT_BUNDLE_IDENTIFIER = com.hmalc.HMFlickrUITests;
				PRODUCT_NAME = "$(TARGET_NAME)";
				SWIFT_VERSION = 4.0;
				TARGETED_DEVICE_FAMILY = "1,2";
				TEST_TARGET_NAME = HMFlickr;
			};
			name = Release;
		};
/* End XCBuildConfiguration section */

/* Begin XCConfigurationList section */
		B4E61B8520F81DFA0093ED3F /* Build configuration list for PBXProject "HMFlickr" */ = {
			isa = XCConfigurationList;
			buildConfigurations = (
				B4E61BB020F81DFC0093ED3F /* Debug */,
				B4E61BB120F81DFC0093ED3F /* Release */,
			);
			defaultConfigurationIsVisible = 0;
			defaultConfigurationName = Release;
		};
		B4E61BB220F81DFC0093ED3F /* Build configuration list for PBXNativeTarget "HMFlickr" */ = {
			isa = XCConfigurationList;
			buildConfigurations = (
				B4E61BB320F81DFC0093ED3F /* Debug */,
				B4E61BB420F81DFC0093ED3F /* Release */,
			);
			defaultConfigurationIsVisible = 0;
			defaultConfigurationName = Release;
		};
		B4E61BB520F81DFC0093ED3F /* Build configuration list for PBXNativeTarget "HMFlickrTests" */ = {
			isa = XCConfigurationList;
			buildConfigurations = (
				B4E61BB620F81DFC0093ED3F /* Debug */,
				B4E61BB720F81DFC0093ED3F /* Release */,
			);
			defaultConfigurationIsVisible = 0;
			defaultConfigurationName = Release;
		};
		B4E61BB820F81DFC0093ED3F /* Build configuration list for PBXNativeTarget "HMFlickrUITests" */ = {
			isa = XCConfigurationList;
			buildConfigurations = (
				B4E61BB920F81DFC0093ED3F /* Debug */,
				B4E61BBA20F81DFC0093ED3F /* Release */,
			);
			defaultConfigurationIsVisible = 0;
			defaultConfigurationName = Release;
		};
/* End XCConfigurationList section */
	};
	rootObject = B4E61B8220F81DFA0093ED3F /* Project object */;
}
